
Microsoft Visual Studio Solution File, Format Version 12.00
# Visual Studio Version 16
VisualStudioVersion = 16.0.810.19
MinimumVisualStudioVersion = 10.0.40219.1
Project("{FAE04EC0-301F-11D3-BF4B-00C04F79EFBC}") = "SlotGroups.Android", "SlotGroups.Android\SlotGroups.Android.csproj", "{8E5BFAFF-3F09-43DC-8B20-4A75C99BC47D}"
EndProject
Project("{FAE04EC0-301F-11D3-BF4B-00C04F79EFBC}") = "SlotGroups.iOS", "SlotGroups.iOS\SlotGroups.iOS.csproj", "{F21348FE-AFD5-462B-AD62-09B9765947CA}"
EndProject
Project("{FAE04EC0-301F-11D3-BF4B-00C04F79EFBC}") = "SlotGroups", "SlotGroups\SlotGroups.csproj", "{8BDEE867-6C08-4E49-859E-2F3857750C9C}"
EndProject
Global
	GlobalSection(SolutionConfigurationPlatforms) = preSolution
		Debug|Any CPU = Debug|Any CPU
		Release|Any CPU = Release|Any CPU
		Debug|iPhoneSimulator = Debug|iPhoneSimulator
		Release|iPhoneSimulator = Release|iPhoneSimulator
		Debug|iPhone = Debug|iPhone
		Release|iPhone = Release|iPhone
	EndGlobalSection
	GlobalSection(ProjectConfigurationPlatforms) = postSolution
		{8E5BFAFF-3F09-43DC-8B20-4A75C99BC47D}.Debug|Any CPU.ActiveCfg = Debug|Any CPU
		{8E5BFAFF-3F09-43DC-8B20-4A75C99BC47D}.Debug|Any CPU.Build.0 = Debug|Any CPU
		{8E5BFAFF-3F09-43DC-8B20-4A75C99BC47D}.Release|Any CPU.ActiveCfg = Release|Any CPU
		{8E5BFAFF-3F09-43DC-8B20-4A75C99BC47D}.Release|Any CPU.Build.0 = Release|Any CPU
		{8E5BFAFF-3F09-43DC-8B20-4A75C99BC47D}.Debug|iPhoneSimulator.ActiveCfg = Debug|Any CPU
		{8E5BFAFF-3F09-43DC-8B20-4A75C99BC47D}.Debug|iPhoneSimulator.Build.0 = Debug|Any CPU
		{8E5BFAFF-3F09-43DC-8B20-4A75C99BC47D}.Release|iPhoneSimulator.ActiveCfg = Release|Any CPU
		{8E5BFAFF-3F09-43DC-8B20-4A75C99BC47D}.Release|iPhoneSimulator.Build.0 = Release|Any CPU
		{8E5BFAFF-3F09-43DC-8B20-4A75C99BC47D}.Debug|iPhone.ActiveCfg = Debug|Any CPU
		{8E5BFAFF-3F09-43DC-8B20-4A75C99BC47D}.Debug|iPhone.Build.0 = Debug|Any CPU
		{8E5BFAFF-3F09-43DC-8B20-4A75C99BC47D}.Release|iPhone.ActiveCfg = Release|Any CPU
		{8E5BFAFF-3F09-43DC-8B20-4A75C99BC47D}.Release|iPhone.Build.0 = Release|Any CPU
		{F21348FE-AFD5-462B-AD62-09B9765947CA}.Debug|Any CPU.ActiveCfg = Debug|iPhoneSimulator
		{F21348FE-AFD5-462B-AD62-09B9765947CA}.Debug|Any CPU.Build.0 = Debug|iPhoneSimulator
		{F21348FE-AFD5-462B-AD62-09B9765947CA}.Release|Any CPU.ActiveCfg = Release|iPhoneSimulator
		{F21348FE-AFD5-462B-AD62-09B9765947CA}.Release|Any CPU.Build.0 = Release|iPhoneSimulator
		{F21348FE-AFD5-462B-AD62-09B9765947CA}.Debug|iPhoneSimulator.ActiveCfg = Debug|iPhoneSimulator
		{F21348FE-AFD5-462B-AD62-09B9765947CA}.Debug|iPhoneSimulator.Build.0 = Debug|iPhoneSimulator
		{F21348FE-AFD5-462B-AD62-09B9765947CA}.Release|iPhoneSimulator.ActiveCfg = Release|iPhoneSimulator
		{F21348FE-AFD5-462B-AD62-09B9765947CA}.Release|iPhoneSimulator.Build.0 = Release|iPhoneSimulator
		{F21348FE-AFD5-462B-AD62-09B9765947CA}.Debug|iPhone.ActiveCfg = Debug|iPhone
		{F21348FE-AFD5-462B-AD62-09B9765947CA}.Debug|iPhone.Build.0 = Debug|iPhone
		{F21348FE-AFD5-462B-AD62-09B9765947CA}.Release|iPhone.ActiveCfg = Release|iPhone
		{F21348FE-AFD5-462B-AD62-09B9765947CA}.Release|iPhone.Build.0 = Release|iPhone
		{8BDEE867-6C08-4E49-859E-2F3857750C9C}.Debug|Any CPU.ActiveCfg = Debug|Any CPU
		{8BDEE867-6C08-4E49-859E-2F3857750C9C}.Debug|Any CPU.Build.0 = Debug|Any CPU
		{8BDEE867-6C08-4E49-859E-2F3857750C9C}.Release|Any CPU.ActiveCfg = Release|Any CPU
		{8BDEE867-6C08-4E49-859E-2F3857750C9C}.Release|Any CPU.Build.0 = Release|Any CPU
		{8BDEE867-6C08-4E49-859E-2F3857750C9C}.Debug|iPhoneSimulator.ActiveCfg = Debug|Any CPU
		{8BDEE867-6C08-4E49-859E-2F3857750C9C}.Debug|iPhoneSimulator.Build.0 = Debug|Any CPU
		{8BDEE867-6C08-4E49-859E-2F3857750C9C}.Release|iPhoneSimulator.ActiveCfg = Release|Any CPU
		{8BDEE867-6C08-4E49-859E-2F3857750C9C}.Release|iPhoneSimulator.Build.0 = Release|Any CPU
		{8BDEE867-6C08-4E49-859E-2F3857750C9C}.Debug|iPhone.ActiveCfg = Debug|Any CPU
		{8BDEE867-6C08-4E49-859E-2F3857750C9C}.Debug|iPhone.Build.0 = Debug|Any CPU
		{8BDEE867-6C08-4E49-859E-2F3857750C9C}.Release|iPhone.ActiveCfg = Release|Any CPU
		{8BDEE867-6C08-4E49-859E-2F3857750C9C}.Release|iPhone.Build.0 = Release|Any CPU
	EndGlobalSection
	GlobalSection(SolutionProperties) = preSolution
		HideSolutionNode = FALSE
	EndGlobalSection
	GlobalSection(ExtensibilityGlobals) = postSolution
		SolutionGuid = {AC2F571D-7EB1-4AEF-8643-A7CB5866B5A5}
	EndGlobalSection
EndGlobal
